
Microsoft Visual Studio Solution File, Format Version 12.00
# Visual Studio Version 16
VisualStudioVersion = 16.0.30611.23
MinimumVisualStudioVersion = 10.0.40219.1
Project("{9A19103F-16F7-4668-BE54-9A1E7A4F7556}") = "IndianStatesCensusAnalyser", "IndianStatesCensusAnalyser.csproj", "{92241711-5799-4CAC-A148-6DE8062114B1}"
EndProject
Project("{FAE04EC0-301F-11D3-BF4B-00C04F79EFBC}") = "CensusAnalyserUnitTest", "..\CensusAnalyserUnitTest\CensusAnalyserUnitTest.csproj", "{EF146028-C281-49E8-956F-15885E7729B1}"
EndProject
Global
	GlobalSection(SolutionConfigurationPlatforms) = preSolution
		Debug|Any CPU = Debug|Any CPU
		Release|Any CPU = Release|Any CPU
	EndGlobalSection
	GlobalSection(ProjectConfigurationPlatforms) = postSolution
		{92241711-5799-4CAC-A148-6DE8062114B1}.Debug|Any CPU.ActiveCfg = Debug|Any CPU
		{92241711-5799-4CAC-A148-6DE8062114B1}.Debug|Any CPU.Build.0 = Debug|Any CPU
		{92241711-5799-4CAC-A148-6DE8062114B1}.Release|Any CPU.ActiveCfg = Release|Any CPU
		{92241711-5799-4CAC-A148-6DE8062114B1}.Release|Any CPU.Build.0 = Release|Any CPU
		{EF146028-C281-49E8-956F-15885E7729B1}.Debug|Any CPU.ActiveCfg = Debug|Any CPU
		{EF146028-C281-49E8-956F-15885E7729B1}.Debug|Any CPU.Build.0 = Debug|Any CPU
		{EF146028-C281-49E8-956F-15885E7729B1}.Release|Any CPU.ActiveCfg = Release|Any CPU
		{EF146028-C281-49E8-956F-15885E7729B1}.Release|Any CPU.Build.0 = Release|Any CPU
	EndGlobalSection
	GlobalSection(SolutionProperties) = preSolution
		HideSolutionNode = FALSE
	EndGlobalSection
	GlobalSection(ExtensibilityGlobals) = postSolution
		SolutionGuid = {4E403211-FE6F-4AAF-8074-7961717716FD}
	EndGlobalSection
EndGlobal
